{
  "version": 4,
  "terraform_version": "1.5.0",
  "serial": 24,
  "lineage": "eb466146-3601-6185-6988-86fc6be97e2f",
  "outputs": {
    "cluster_endpoint": {
      "value": "34.55.154.13",
      "type": "string"
    },
    "service_account_key": {
      "value": "github-actions-sa@project-pallavi-tarke.iam.gserviceaccount.com",
      "type": "string",
      "sensitive": true
    }
  },
  "resources": [
    {
      "mode": "managed",
      "type": "google_artifact_registry_repository",
      "name": "repo",
      "provider": "provider[\"registry.terraform.io/hashicorp/google\"]",
      "instances": [
        {
          "schema_version": 0,
          "attributes": {
            "cleanup_policies": [],
            "cleanup_policy_dry_run": false,
            "create_time": "2025-06-03T05:54:33.118615Z",
            "description": "",
            "docker_config": [],
            "effective_labels": {
              "goog-terraform-provisioned": "true"
            },
            "format": "DOCKER",
            "id": "projects/project-pallavi-tarke/locations/us-central1/repositories/nodejs-mongodb-repo",
            "kms_key_name": "",
            "labels": null,
            "location": "us-central1",
            "maven_config": [],
            "mode": "STANDARD_REPOSITORY",
            "name": "nodejs-mongodb-repo",
            "project": "project-pallavi-tarke",
            "remote_repository_config": [],
            "repository_id": "nodejs-mongodb-repo",
            "terraform_labels": {
              "goog-terraform-provisioned": "true"
            },
            "timeouts": null,
            "update_time": "2025-06-03T05:54:33.118615Z",
            "virtual_repository_config": [],
            "vulnerability_scanning_config": [
              {
                "enablement_config": "",
                "enablement_state": "SCANNING_ACTIVE",
                "enablement_state_reason": ""
              }
            ]
          },
          "sensitive_attributes": [],
          "private": "eyJlMmJmYjczMC1lY2FhLTExZTYtOGY4OC0zNDM2M2JjN2M0YzAiOnsiY3JlYXRlIjoxMjAwMDAwMDAwMDAwLCJkZWxldGUiOjEyMDAwMDAwMDAwMDAsInVwZGF0ZSI6MTIwMDAwMDAwMDAwMH19"
        }
      ]
    },
    {
      "mode": "managed",
      "type": "google_container_cluster",
      "name": "primary",
      "provider": "provider[\"registry.terraform.io/hashicorp/google\"]",
      "instances": [
        {
          "schema_version": 2,
          "attributes": {
            "addons_config": [
              {
                "cloudrun_config": [],
                "config_connector_config": [],
                "dns_cache_config": [],
                "gce_persistent_disk_csi_driver_config": [
                  {
                    "enabled": true
                  }
                ],
                "gcp_filestore_csi_driver_config": [],
                "gcs_fuse_csi_driver_config": [],
                "gke_backup_agent_config": [],
                "horizontal_pod_autoscaling": [],
                "http_load_balancing": [],
                "network_policy_config": [
                  {
                    "disabled": true
                  }
                ],
                "parallelstore_csi_driver_config": [],
                "ray_operator_config": [],
                "stateful_ha_config": []
              }
            ],
            "allow_net_admin": null,
            "authenticator_groups_config": [],
            "binary_authorization": [
              {
                "enabled": false,
                "evaluation_mode": ""
              }
            ],
            "cluster_autoscaling": [
              {
                "auto_provisioning_defaults": [],
                "auto_provisioning_locations": [],
                "autoscaling_profile": "BALANCED",
                "enabled": false,
                "resource_limits": []
              }
            ],
            "cluster_ipv4_cidr": "10.76.0.0/14",
            "confidential_nodes": [],
            "control_plane_endpoints_config": [
              {
                "dns_endpoint_config": [
                  {
                    "allow_external_traffic": false,
                    "endpoint": "gke-433bc25f149243e6878f3f9b825ad12a5b78-428456782983.us-central1.gke.goog"
                  }
                ],
                "ip_endpoints_config": [
                  {
                    "enabled": true
                  }
                ]
              }
            ],
            "cost_management_config": [],
            "database_encryption": [
              {
                "key_name": "",
                "state": "DECRYPTED"
              }
            ],
            "datapath_provider": "",
            "default_max_pods_per_node": 110,
            "default_snat_status": [
              {
                "disabled": false
              }
            ],
            "deletion_protection": false,
            "description": "",
            "disable_l4_lb_firewall_reconciliation": false,
            "dns_config": [],
            "effective_labels": {
              "goog-terraform-provisioned": "true"
            },
            "enable_autopilot": false,
            "enable_cilium_clusterwide_network_policy": false,
            "enable_fqdn_network_policy": false,
            "enable_intranode_visibility": false,
            "enable_k8s_beta_apis": [],
            "enable_kubernetes_alpha": false,
            "enable_l4_ilb_subsetting": false,
            "enable_legacy_abac": false,
            "enable_multi_networking": false,
            "enable_shielded_nodes": true,
            "enable_tpu": false,
            "endpoint": "34.55.154.13",
            "enterprise_config": [
              {
                "cluster_tier": "STANDARD",
                "desired_tier": ""
              }
            ],
            "fleet": [],
            "gateway_api_config": [],
            "id": "projects/project-pallavi-tarke/locations/us-central1/clusters/nodejs-mongodb-cluster",
            "identity_service_config": [],
            "in_transit_encryption_config": "",
            "initial_node_count": 2,
            "ip_allocation_policy": [
              {
                "additional_pod_ranges_config": [],
                "cluster_ipv4_cidr_block": "10.76.0.0/14",
                "cluster_secondary_range_name": "gke-nodejs-mongodb-cluster-pods-433bc25f",
                "pod_cidr_overprovision_config": [
                  {
                    "disabled": false
                  }
                ],
                "services_ipv4_cidr_block": "34.118.224.0/20",
                "services_secondary_range_name": "",
                "stack_type": "IPV4"
              }
            ],
            "label_fingerprint": "78cdf2f6",
            "location": "us-central1",
            "logging_config": [
              {
                "enable_components": [
                  "SYSTEM_COMPONENTS",
                  "WORKLOADS"
                ]
              }
            ],
            "logging_service": "logging.googleapis.com/kubernetes",
            "maintenance_policy": [],
            "master_auth": [
              {
                "client_certificate": "",
                "client_certificate_config": [
                  {
                    "issue_client_certificate": false
                  }
                ],
                "client_key": "",
                "cluster_ca_certificate": "LS0tLS1CRUdJTiBDRVJUSUZJQ0FURS0tLS0tCk1JSUVMVENDQXBXZ0F3SUJBZ0lSQUt6WitiTVlpc2lXNjJhb3BjUFVTS013RFFZSktvWklodmNOQVFFTEJRQXcKTHpFdE1Dc0dBMVVFQXhNa01UTTNOekppTldJdFlXUTVZUzAwWlRNd0xXSXdaVFF0WWpabVlUSTJabVpsTjJJNApNQ0FYRFRJMU1EWXdNekEwTlRRek5Wb1lEekl3TlRVd05USTNNRFUxTkRNMVdqQXZNUzB3S3dZRFZRUURFeVF4Ck16YzNNbUkxWWkxaFpEbGhMVFJsTXpBdFlqQmxOQzFpTm1aaE1qWm1abVUzWWpnd2dnR2lNQTBHQ1NxR1NJYjMKRFFFQkFRVUFBNElCandBd2dnR0tBb0lCZ1FDYWxrV3l2UjJWd3VHNm1lRWNQRXJyY3BnY3hoVzJhMWRGbmhLSwo3MWFteFV1V0o3S0VydFBTSXlPUGRWVGxKWWEvV1hlRTV1aG1acGJJZitLUHdnU05tL1ZkdFYxMHpCVnQ3OUIxCmNITTMyNzNscmFMMndodVFuK2Q3YTNqYTlhUUthYjFmNCthVXJrM01iaXoyT0hOdE8rcnRYVHNPb0gwalcrMnEKdjgzNHgxclA5bVVsSG1WTEM1RDZWY2tFZ3VOYkZ0UVFwR0tSc1pHSzZkaW5EYmV2aVRScjJJNURIbE1HMWFtWgo1eGR6ZGZkbmx1Wkx3K2tjNVlHL0hWY1JEM0RGaFZzMGRMUWtQdFV4ekE5dUdGRU11VFlEVC9pb0lwTEhjUS8zCml2MVlZRHoyb05yQ0ZhcVlNS3BzMTQ2eVBRWWs0cG9tWU45WVA2d1krSmVkOW1OdmlIczlUWlRScmZYMnRkNVQKQWk1YUtKdzBZSmlVcUIrVHMybUNvSzh1ZmVaeW5ZcWRVdXlrbXZDbWZLZDU5Y21td1NwUDhoY3lJdUVYYlV1Nwo2QXRXMlJqc0JDUE1mTERlQVJzTWdGTXR3YkxrRG1ueWI4WFFrdm8vZE9xRUtjMXBtTWQxaW9wbDNlcVVJOVhNCnJVbm4xWmx2R0FuQVo1SUJuVC9DNlh3M0hZc0NBd0VBQWFOQ01FQXdEZ1lEVlIwUEFRSC9CQVFEQWdJRU1BOEcKQTFVZEV3RUIvd1FGTUFNQkFmOHdIUVlEVlIwT0JCWUVGT0ZSOGsxaXhFb1p6QzB6ZTFIcmZrNEc0QnZKTUEwRwpDU3FHU0liM0RRRUJDd1VBQTRJQmdRQmJ3VHhtMHlyZlM0T1NEZGlRckh5YUEwNTZHOGJLaEdqalNIVENCVURvCjJhSmRYSTRyUnl6c0VEaXNMejlyalJ0VkVkWEtSdnhaRTdydGNaZmd6M1EzZ1Y5SEl3QVhySUpXZWlTSVY5WHAKdG1kQjJpTnM2cnRYbHlYUi9LS3R2ZW50bERmbXMvNkhDeWU5QVpVZDNPZTBoVGpQN2tCZUJIbU1VUXRtTTEwUApPQ0NQYkx1QmJ6bWx2QzV3VVBNUVpMbGpMVWtrMnAxRGQ4SUlPTXN5amJTMDRUeHRRbDI5SUV5R0JQWisxOUxDCk5PVTRwRlk5b2M2RlZiL2FESUxJT0YxZHdtK2pzOXlQNzdUUUV2SHp1dGtDY3NJdzFrWHc0dFd4UE5ZNXg0ZUoKUkE3a29QbjJISW5BU0hRZVM1aS9wVlBMRTFLWGdQSjhQcHFTRm5aWmxSQUFrMTl5U0dXaDhzUFNQMTc4THluUgpvVS9XeHN1dks5OEhxY2UyREdoRmJPNWVZSStpSDg4aS9Eb25NZTNiT2hGLzRtWEJGeFpTODJyTTQ4UFdvVWx4CnRReWxwRTJJZzBMVXhtYzEzcGIyYUtaQ3E1YnR0SkJmbW9KWkFEVDZDSndIcTBiMXpMaktRMDZWUTE2YXppOTcKbFVDdVZPSTVzMFJIeXVVdW5BbHhHdFk9Ci0tLS0tRU5EIENFUlRJRklDQVRFLS0tLS0K"
              }
            ],
            "master_authorized_networks_config": [],
            "master_version": "1.32.4-gke.1106006",
            "mesh_certificates": [],
            "min_master_version": null,
            "monitoring_config": [
              {
                "advanced_datapath_observability_config": [
                  {
                    "enable_metrics": false,
                    "enable_relay": false
                  }
                ],
                "enable_components": [
                  "SYSTEM_COMPONENTS",
                  "HPA",
                  "POD",
                  "DAEMONSET",
                  "DEPLOYMENT",
                  "STATEFULSET",
                  "JOBSET",
                  "STORAGE",
                  "KUBELET",
                  "CADVISOR",
                  "DCGM"
                ],
                "managed_prometheus": [
                  {
                    "auto_monitoring_config": [],
                    "enabled": true
                  }
                ]
              }
            ],
            "monitoring_service": "monitoring.googleapis.com/kubernetes",
            "name": "nodejs-mongodb-cluster",
            "network": "projects/project-pallavi-tarke/global/networks/default",
            "network_policy": [
              {
                "enabled": false,
                "provider": "PROVIDER_UNSPECIFIED"
              }
            ],
            "networking_mode": "VPC_NATIVE",
            "node_config": [
              {
                "advanced_machine_features": [],
                "boot_disk_kms_key": "",
                "confidential_nodes": [],
                "containerd_config": [],
                "disk_size_gb": 100,
                "disk_type": "pd-balanced",
                "effective_taints": [],
                "enable_confidential_storage": false,
                "ephemeral_storage_local_ssd_config": [],
                "fast_socket": [],
                "gcfs_config": [],
                "guest_accelerator": [],
                "gvnic": [],
                "host_maintenance_policy": [],
                "image_type": "COS_CONTAINERD",
                "kubelet_config": [
                  {
                    "allowed_unsafe_sysctls": [],
                    "container_log_max_files": 0,
                    "container_log_max_size": "",
                    "cpu_cfs_quota": false,
                    "cpu_cfs_quota_period": "",
                    "cpu_manager_policy": "",
                    "image_gc_high_threshold_percent": 0,
                    "image_gc_low_threshold_percent": 0,
                    "image_maximum_gc_age": "",
                    "image_minimum_gc_age": "",
                    "insecure_kubelet_readonly_port_enabled": "FALSE",
                    "pod_pids_limit": 0
                  }
                ],
                "labels": {},
                "linux_node_config": [],
                "local_nvme_ssd_block_config": [],
                "local_ssd_count": 0,
                "local_ssd_encryption_mode": "",
                "logging_variant": "DEFAULT",
                "machine_type": "e2-medium",
                "max_run_duration": "",
                "metadata": {
                  "disable-legacy-endpoints": "true"
                },
                "min_cpu_platform": "",
                "node_group": "",
                "oauth_scopes": [
                  "https://www.googleapis.com/auth/devstorage.read_only",
                  "https://www.googleapis.com/auth/logging.write",
                  "https://www.googleapis.com/auth/monitoring",
                  "https://www.googleapis.com/auth/service.management.readonly",
                  "https://www.googleapis.com/auth/servicecontrol",
                  "https://www.googleapis.com/auth/trace.append"
                ],
                "preemptible": false,
                "reservation_affinity": [],
                "resource_labels": {
                  "goog-gke-node-pool-provisioning-model": "on-demand"
                },
                "resource_manager_tags": null,
                "secondary_boot_disks": [],
                "service_account": "default",
                "shielded_instance_config": [
                  {
                    "enable_integrity_monitoring": true,
                    "enable_secure_boot": false
                  }
                ],
                "sole_tenant_config": [],
                "spot": false,
                "storage_pools": null,
                "tags": null,
                "taint": [],
                "windows_node_config": [
                  {
                    "osversion": ""
                  }
                ],
                "workload_metadata_config": []
              }
            ],
            "node_locations": [
              "us-central1-a",
              "us-central1-b",
              "us-central1-f"
            ],
            "node_pool": [
              {
                "autoscaling": [],
                "initial_node_count": 2,
                "instance_group_urls": [
                  "https://www.googleapis.com/compute/v1/projects/project-pallavi-tarke/zones/us-central1-f/instanceGroupManagers/gke-nodejs-mongodb-clust-default-pool-e7fbde47-grp",
                  "https://www.googleapis.com/compute/v1/projects/project-pallavi-tarke/zones/us-central1-b/instanceGroupManagers/gke-nodejs-mongodb-clust-default-pool-7af4cb92-grp",
                  "https://www.googleapis.com/compute/v1/projects/project-pallavi-tarke/zones/us-central1-a/instanceGroupManagers/gke-nodejs-mongodb-clust-default-pool-75b68e72-grp"
                ],
                "managed_instance_group_urls": [
                  "https://www.googleapis.com/compute/v1/projects/project-pallavi-tarke/zones/us-central1-f/instanceGroups/gke-nodejs-mongodb-clust-default-pool-e7fbde47-grp",
                  "https://www.googleapis.com/compute/v1/projects/project-pallavi-tarke/zones/us-central1-b/instanceGroups/gke-nodejs-mongodb-clust-default-pool-7af4cb92-grp",
                  "https://www.googleapis.com/compute/v1/projects/project-pallavi-tarke/zones/us-central1-a/instanceGroups/gke-nodejs-mongodb-clust-default-pool-75b68e72-grp"
                ],
                "management": [
                  {
                    "auto_repair": true,
                    "auto_upgrade": true
                  }
                ],
                "max_pods_per_node": 110,
                "name": "default-pool",
                "name_prefix": "",
                "network_config": [
                  {
                    "additional_node_network_configs": [],
                    "additional_pod_network_configs": [],
                    "create_pod_range": false,
                    "enable_private_nodes": false,
                    "network_performance_config": [],
                    "pod_cidr_overprovision_config": [],
                    "pod_ipv4_cidr_block": "10.76.0.0/14",
                    "pod_range": "gke-nodejs-mongodb-cluster-pods-433bc25f"
                  }
                ],
                "node_config": [
                  {
                    "advanced_machine_features": [],
                    "boot_disk_kms_key": "",
                    "confidential_nodes": [],
                    "containerd_config": [],
                    "disk_size_gb": 100,
                    "disk_type": "pd-balanced",
                    "effective_taints": [],
                    "enable_confidential_storage": false,
                    "ephemeral_storage_local_ssd_config": [],
                    "fast_socket": [],
                    "gcfs_config": [],
                    "guest_accelerator": [],
                    "gvnic": [],
                    "host_maintenance_policy": [],
                    "image_type": "COS_CONTAINERD",
                    "kubelet_config": [
                      {
                        "allowed_unsafe_sysctls": [],
                        "container_log_max_files": 0,
                        "container_log_max_size": "",
                        "cpu_cfs_quota": false,
                        "cpu_cfs_quota_period": "",
                        "cpu_manager_policy": "",
                        "image_gc_high_threshold_percent": 0,
                        "image_gc_low_threshold_percent": 0,
                        "image_maximum_gc_age": "",
                        "image_minimum_gc_age": "",
                        "insecure_kubelet_readonly_port_enabled": "FALSE",
                        "pod_pids_limit": 0
                      }
                    ],
                    "labels": {},
                    "linux_node_config": [],
                    "local_nvme_ssd_block_config": [],
                    "local_ssd_count": 0,
                    "local_ssd_encryption_mode": "",
                    "logging_variant": "DEFAULT",
                    "machine_type": "e2-medium",
                    "max_run_duration": "",
                    "metadata": {
                      "disable-legacy-endpoints": "true"
                    },
                    "min_cpu_platform": "",
                    "node_group": "",
                    "oauth_scopes": [
                      "https://www.googleapis.com/auth/devstorage.read_only",
                      "https://www.googleapis.com/auth/logging.write",
                      "https://www.googleapis.com/auth/monitoring",
                      "https://www.googleapis.com/auth/service.management.readonly",
                      "https://www.googleapis.com/auth/servicecontrol",
                      "https://www.googleapis.com/auth/trace.append"
                    ],
                    "preemptible": false,
                    "reservation_affinity": [],
                    "resource_labels": {
                      "goog-gke-node-pool-provisioning-model": "on-demand"
                    },
                    "resource_manager_tags": {},
                    "secondary_boot_disks": [],
                    "service_account": "default",
                    "shielded_instance_config": [
                      {
                        "enable_integrity_monitoring": true,
                        "enable_secure_boot": false
                      }
                    ],
                    "sole_tenant_config": [],
                    "spot": false,
                    "storage_pools": [],
                    "tags": [],
                    "taint": [],
                    "windows_node_config": [
                      {
                        "osversion": ""
                      }
                    ],
                    "workload_metadata_config": []
                  }
                ],
                "node_count": 2,
                "node_locations": [
                  "us-central1-a",
                  "us-central1-b",
                  "us-central1-f"
                ],
                "placement_policy": [],
                "queued_provisioning": [],
                "upgrade_settings": [
                  {
                    "blue_green_settings": [],
                    "max_surge": 1,
                    "max_unavailable": 0,
                    "strategy": "SURGE"
                  }
                ],
                "version": "1.32.4-gke.1106006"
              }
            ],
            "node_pool_auto_config": [
              {
                "linux_node_config": [],
                "network_tags": [],
                "node_kubelet_config": [
                  {
                    "insecure_kubelet_readonly_port_enabled": "FALSE"
                  }
                ],
                "resource_manager_tags": {}
              }
            ],
            "node_pool_defaults": [
              {
                "node_config_defaults": [
                  {
                    "containerd_config": [],
                    "gcfs_config": [],
                    "insecure_kubelet_readonly_port_enabled": "FALSE",
                    "logging_variant": "DEFAULT"
                  }
                ]
              }
            ],
            "node_version": "1.32.4-gke.1106006",
            "notification_config": [
              {
                "pubsub": [
                  {
                    "enabled": false,
                    "filter": [],
                    "topic": ""
                  }
                ]
              }
            ],
            "operation": null,
            "private_cluster_config": [
              {
                "enable_private_endpoint": false,
                "enable_private_nodes": false,
                "master_global_access_config": [
                  {
                    "enabled": false
                  }
                ],
                "master_ipv4_cidr_block": "",
                "peering_name": "",
                "private_endpoint": "10.128.0.31",
                "private_endpoint_subnetwork": "",
                "public_endpoint": "34.55.154.13"
              }
            ],
            "private_ipv6_google_access": "",
            "project": "project-pallavi-tarke",
            "release_channel": [
              {
                "channel": "REGULAR"
              }
            ],
            "remove_default_node_pool": null,
            "resource_labels": null,
            "resource_usage_export_config": [],
            "secret_manager_config": [
              {
                "enabled": false
              }
            ],
            "security_posture_config": [
              {
                "mode": "BASIC",
                "vulnerability_mode": "VULNERABILITY_MODE_UNSPECIFIED"
              }
            ],
            "self_link": "https://container.googleapis.com/v1/projects/project-pallavi-tarke/locations/us-central1/clusters/nodejs-mongodb-cluster",
            "service_external_ips_config": [
              {
                "enabled": false
              }
            ],
            "services_ipv4_cidr": "34.118.224.0/20",
            "subnetwork": "projects/project-pallavi-tarke/regions/us-central1/subnetworks/default",
            "terraform_labels": {
              "goog-terraform-provisioned": "true"
            },
            "timeouts": null,
            "tpu_ipv4_cidr_block": "",
            "user_managed_keys_config": [],
            "vertical_pod_autoscaling": [],
            "workload_identity_config": []
          },
          "sensitive_attributes": [],
          "private": "eyJlMmJmYjczMC1lY2FhLTExZTYtOGY4OC0zNDM2M2JjN2M0YzAiOnsiY3JlYXRlIjoyNDAwMDAwMDAwMDAwLCJkZWxldGUiOjI0MDAwMDAwMDAwMDAsInJlYWQiOjI0MDAwMDAwMDAwMDAsInVwZGF0ZSI6MzYwMDAwMDAwMDAwMH0sInNjaGVtYV92ZXJzaW9uIjoiMiJ9"
        }
      ]
    },
    {
      "mode": "managed",
      "type": "google_project_iam_member",
      "name": "artifact_registry",
      "provider": "provider[\"registry.terraform.io/hashicorp/google\"]",
      "instances": [
        {
          "schema_version": 0,
          "attributes": {
            "condition": [],
            "etag": "BwY2pITVgDM=",
            "id": "project-pallavi-tarke/roles/artifactregistry.writer/serviceAccount:github-actions-sa@project-pallavi-tarke.iam.gserviceaccount.com",
            "member": "serviceAccount:github-actions-sa@project-pallavi-tarke.iam.gserviceaccount.com",
            "project": "project-pallavi-tarke",
            "role": "roles/artifactregistry.writer"
          },
          "sensitive_attributes": [],
          "private": "bnVsbA==",
          "dependencies": [
            "google_service_account.github_actions"
          ]
        }
      ]
    },
    {
      "mode": "managed",
      "type": "google_project_iam_member",
      "name": "github_actions",
      "provider": "provider[\"registry.terraform.io/hashicorp/google\"]",
      "instances": [
        {
          "schema_version": 0,
          "attributes": {
            "condition": [],
            "etag": "BwY2pITVgDM=",
            "id": "project-pallavi-tarke/roles/container.admin/serviceAccount:github-actions-sa@project-pallavi-tarke.iam.gserviceaccount.com",
            "member": "serviceAccount:github-actions-sa@project-pallavi-tarke.iam.gserviceaccount.com",
            "project": "project-pallavi-tarke",
            "role": "roles/container.admin"
          },
          "sensitive_attributes": [],
          "private": "bnVsbA==",
          "dependencies": [
            "google_service_account.github_actions"
          ]
        }
      ]
    },
    {
      "mode": "managed",
      "type": "google_service_account",
      "name": "github_actions",
      "provider": "provider[\"registry.terraform.io/hashicorp/google\"]",
      "instances": [
        {
          "schema_version": 0,
          "attributes": {
            "account_id": "github-actions-sa",
            "create_ignore_already_exists": null,
            "description": "",
            "disabled": false,
            "display_name": "GitHub Actions Service Account",
            "email": "github-actions-sa@project-pallavi-tarke.iam.gserviceaccount.com",
            "id": "projects/project-pallavi-tarke/serviceAccounts/github-actions-sa@project-pallavi-tarke.iam.gserviceaccount.com",
            "member": "serviceAccount:github-actions-sa@project-pallavi-tarke.iam.gserviceaccount.com",
            "name": "projects/project-pallavi-tarke/serviceAccounts/github-actions-sa@project-pallavi-tarke.iam.gserviceaccount.com",
            "project": "project-pallavi-tarke",
            "timeouts": null,
            "unique_id": "107092063635031109786"
          },
          "sensitive_attributes": [],
          "private": "eyJlMmJmYjczMC1lY2FhLTExZTYtOGY4OC0zNDM2M2JjN2M0YzAiOnsiY3JlYXRlIjozMDAwMDAwMDAwMDB9fQ=="
        }
      ]
    }
  ],
  "check_results": null
}
